{
  "name": "@lustre/api-server",
  "version": "0.0.0",
  "lockfileVersion": 3,
  "requires": true,
  "packages": {
    "": {
      "name": "@lustre/api-server",
      "version": "0.0.0",
      "dependencies": {
        "@aws-sdk/client-s3": "^3",
        "@fastify/cors": "^10",
        "@fastify/helmet": "^13",
        "@fastify/multipart": "^9",
        "@prisma/client": "^6",
        "@trpc/server": "^11",
        "fastify": "^5",
        "ioredis": "^5.10.1",
        "jose": "^6.2.2",
        "livekit-server-sdk": "^2.15.0",
        "meilisearch": "^0.48",
        "nats": "^2",
        "openai": "^4",
        "sharp": "^0.33",
        "superjson": "^2",
        "zod": "^3.23"
      },
      "devDependencies": {
        "@types/node": "^22",
        "pino-pretty": "^11",
        "prisma": "^6.19.2",
        "tsx": "^4",
        "typescript": "^5.7",
        "vitest": "^4.1.1"
      }
    },
    "../../node_modules/.pnpm/@aws-sdk+client-s3@3.1016.0/node_modules/@aws-sdk/client-s3": {
      "version": "3.1016.0",
      "license": "Apache-2.0",
      "dependencies": {
        "@aws-crypto/sha1-browser": "5.2.0",
        "@aws-crypto/sha256-browser": "5.2.0",
        "@aws-crypto/sha256-js": "5.2.0",
        "@aws-sdk/core": "^3.973.24",
        "@aws-sdk/credential-provider-node": "^3.972.25",
        "@aws-sdk/middleware-bucket-endpoint": "^3.972.8",
        "@aws-sdk/middleware-expect-continue": "^3.972.8",
        "@aws-sdk/middleware-flexible-checksums": "^3.974.4",
        "@aws-sdk/middleware-host-header": "^3.972.8",
        "@aws-sdk/middleware-location-constraint": "^3.972.8",
        "@aws-sdk/middleware-logger": "^3.972.8",
        "@aws-sdk/middleware-recursion-detection": "^3.972.8",
        "@aws-sdk/middleware-sdk-s3": "^3.972.24",
        "@aws-sdk/middleware-ssec": "^3.972.8",
        "@aws-sdk/middleware-user-agent": "^3.972.25",
        "@aws-sdk/region-config-resolver": "^3.972.9",
        "@aws-sdk/signature-v4-multi-region": "^3.996.12",
        "@aws-sdk/types": "^3.973.6",
        "@aws-sdk/util-endpoints": "^3.996.5",
        "@aws-sdk/util-user-agent-browser": "^3.972.8",
        "@aws-sdk/util-user-agent-node": "^3.973.11",
        "@smithy/config-resolver": "^4.4.13",
        "@smithy/core": "^3.23.12",
        "@smithy/eventstream-serde-browser": "^4.2.12",
        "@smithy/eventstream-serde-config-resolver": "^4.3.12",
        "@smithy/eventstream-serde-node": "^4.2.12",
        "@smithy/fetch-http-handler": "^5.3.15",
        "@smithy/hash-blob-browser": "^4.2.13",
        "@smithy/hash-node": "^4.2.12",
        "@smithy/hash-stream-node": "^4.2.12",
        "@smithy/invalid-dependency": "^4.2.12",
        "@smithy/md5-js": "^4.2.12",
        "@smithy/middleware-content-length": "^4.2.12",
        "@smithy/middleware-endpoint": "^4.4.27",
        "@smithy/middleware-retry": "^4.4.44",
        "@smithy/middleware-serde": "^4.2.15",
        "@smithy/middleware-stack": "^4.2.12",
        "@smithy/node-config-provider": "^4.3.12",
        "@smithy/node-http-handler": "^4.5.0",
        "@smithy/protocol-http": "^5.3.12",
        "@smithy/smithy-client": "^4.12.7",
        "@smithy/types": "^4.13.1",
        "@smithy/url-parser": "^4.2.12",
        "@smithy/util-base64": "^4.3.2",
        "@smithy/util-body-length-browser": "^4.2.2",
        "@smithy/util-body-length-node": "^4.2.3",
        "@smithy/util-defaults-mode-browser": "^4.3.43",
        "@smithy/util-defaults-mode-node": "^4.2.47",
        "@smithy/util-endpoints": "^3.3.3",
        "@smithy/util-middleware": "^4.2.12",
        "@smithy/util-retry": "^4.2.12",
        "@smithy/util-stream": "^4.5.20",
        "@smithy/util-utf8": "^4.2.2",
        "@smithy/util-waiter": "^4.2.13",
        "tslib": "^2.6.2"
      },
      "devDependencies": {
        "@aws-sdk/signature-v4-crt": "3.1016.0",
        "@smithy/snapshot-testing": "^2.0.3",
        "@tsconfig/node20": "20.1.8",
        "@types/node": "^20.14.8",
        "concurrently": "7.0.0",
        "downlevel-dts": "0.10.1",
        "premove": "4.0.0",
        "typescript": "~5.8.3",
        "vitest": "^4.0.17"
      },
      "engines": {
        "node": ">=20.0.0"
      }
    },
    "../../node_modules/.pnpm/@fastify+cors@10.1.0/node_modules/@fastify/cors": {
      "version": "10.1.0",
      "funding": [
        {
          "type": "github",
          "url": "https://github.com/sponsors/fastify"
        },
        {
          "type": "opencollective",
          "url": "https://opencollective.com/fastify"
        }
      ],
      "license": "MIT",
      "dependencies": {
        "fastify-plugin": "^5.0.0",
        "mnemonist": "0.40.0"
      },
      "devDependencies": {
        "@fastify/pre-commit": "^2.1.0",
        "@types/node": "^22.0.0",
        "c8": "^10.1.2",
        "cors": "^2.8.5",
        "eslint": "^9.17.0",
        "fastify": "^5.0.0",
        "neostandard": "^0.12.0",
        "tsd": "^0.31.1",
        "typescript": "~5.7.2"
      }
    },
    "../../node_modules/.pnpm/@fastify+helmet@13.0.2/node_modules/@fastify/helmet": {
      "version": "13.0.2",
      "funding": [
        {
          "type": "github",
          "url": "https://github.com/sponsors/fastify"
        },
        {
          "type": "opencollective",
          "url": "https://opencollective.com/fastify"
        }
      ],
      "license": "MIT",
      "dependencies": {
        "fastify-plugin": "^5.0.0",
        "helmet": "^8.0.0"
      },
      "devDependencies": {
        "@types/node": "^24.3.0",
        "c8": "^10.1.2",
        "eslint": "^9.17.0",
        "fastify": "^5.0.0",
        "neostandard": "^0.12.0",
        "tsd": "^0.33.0"
      }
    },
    "../../node_modules/.pnpm/@fastify+multipart@9.4.0/node_modules/@fastify/multipart": {
      "version": "9.4.0",
      "funding": [
        {
          "type": "github",
          "url": "https://github.com/sponsors/fastify"
        },
        {
          "type": "opencollective",
          "url": "https://opencollective.com/fastify"
        }
      ],
      "license": "MIT",
      "dependencies": {
        "@fastify/busboy": "^3.0.0",
        "@fastify/deepmerge": "^3.0.0",
        "@fastify/error": "^4.0.0",
        "fastify-plugin": "^5.0.0",
        "secure-json-parse": "^4.0.0"
      },
      "devDependencies": {
        "@fastify/swagger": "^9.0.0",
        "@fastify/swagger-ui": "^5.0.0",
        "@types/node": "^25.0.3",
        "benchmark": "^2.1.4",
        "c8": "^10.1.3",
        "climem": "^2.0.0",
        "concat-stream": "^2.0.0",
        "eslint": "^9.17.0",
        "fastify": "^5.0.0",
        "form-data": "^4.0.0",
        "h2url": "^0.2.0",
        "neostandard": "^0.12.0",
        "noop-stream": "^0.1.0",
        "pump": "^3.0.0",
        "readable-stream": "^4.5.2",
        "tsd": "^0.33.0"
      }
    },
    "../../node_modules/.pnpm/@prisma+client@6.19.2_prisma@6.19.2_typescript@5.9.3__typescript@5.9.3/node_modules/@prisma/client": {
      "version": "6.19.2",
      "hasInstallScript": true,
      "license": "Apache-2.0",
      "devDependencies": {
        "@cloudflare/workers-types": "^4.20250408.0",
        "@codspeed/benchmark.js-plugin": "4.0.0",
        "@faker-js/faker": "9.6.0",
        "@fast-check/jest": "2.0.3",
        "@hono/node-server": "1.19.0",
        "@inquirer/prompts": "7.3.3",
        "@jest/create-cache-key-function": "29.7.0",
        "@jest/globals": "29.7.0",
        "@jest/test-sequencer": "29.7.0",
        "@libsql/client": "0.8.1",
        "@neondatabase/serverless": "0.10.2",
        "@opentelemetry/api": "1.9.0",
        "@opentelemetry/context-async-hooks": "2.1.0",
        "@opentelemetry/instrumentation": "0.206.0",
        "@opentelemetry/resources": "2.1.0",
        "@opentelemetry/sdk-trace-base": "2.1.0",
        "@opentelemetry/semantic-conventions": "1.37.0",
        "@planetscale/database": "1.19.0",
        "@prisma/adapter-better-sqlite3": "6.19.2",
        "@prisma/adapter-d1": "6.19.2",
        "@prisma/adapter-libsql": "6.19.2",
        "@prisma/adapter-mariadb": "6.19.2",
        "@prisma/adapter-mssql": "6.19.2",
        "@prisma/adapter-neon": "6.19.2",
        "@prisma/adapter-pg": "6.19.2",
        "@prisma/adapter-planetscale": "6.19.2",
        "@prisma/client-common": "6.19.2",
        "@prisma/client-engine-runtime": "6.19.2",
        "@prisma/client-generator-js": "6.19.2",
        "@prisma/client-generator-ts": "6.19.2",
        "@prisma/config": "6.19.2",
        "@prisma/debug": "6.19.2",
        "@prisma/dmmf": "6.19.2",
        "@prisma/driver-adapter-utils": "6.19.2",
        "@prisma/engines": "6.19.2",
        "@prisma/engines-version": "7.1.1-3.c2990dca591cba766e3b7ef5d9e8a84796e47ab7",
        "@prisma/fetch-engine": "6.19.2",
        "@prisma/generator": "6.19.2",
        "@prisma/generator-helper": "6.19.2",
        "@prisma/get-platform": "6.19.2",
        "@prisma/instrumentation": "6.19.2",
        "@prisma/internals": "6.19.2",
        "@prisma/migrate": "6.19.2",
        "@prisma/mini-proxy": "0.9.5",
        "@prisma/query-compiler-wasm": "7.1.1-3.c2990dca591cba766e3b7ef5d9e8a84796e47ab7",
        "@prisma/query-engine-wasm": "6.19.0-26.2ba551f319ab1df4bc874a89965d8b3641056773",
        "@prisma/query-plan-executor": "6.19.2",
        "@prisma/ts-builders": "6.19.2",
        "@snaplet/copycat": "6.0.0",
        "@swc-node/register": "1.10.9",
        "@swc/core": "1.11.5",
        "@swc/jest": "0.2.37",
        "@timsuchanek/copy": "1.4.5",
        "@types/debug": "4.1.12",
        "@types/fs-extra": "11.0.4",
        "@types/jest": "29.5.14",
        "@types/js-levenshtein": "1.1.3",
        "@types/mssql": "9.1.8",
        "@types/node": "18.19.76",
        "@types/pg": "8.11.11",
        "arg": "5.0.2",
        "benchmark": "2.1.4",
        "cookie-es": "2.0.0",
        "decimal.js": "10.5.0",
        "execa": "8.0.1",
        "expect-type": "1.2.2",
        "fs-extra": "11.3.0",
        "get-stream": "6.0.1",
        "globby": "11.1.0",
        "indent-string": "4.0.0",
        "jest": "29.7.0",
        "jest-extended": "4.0.2",
        "jest-junit": "16.0.0",
        "jest-serializer-ansi-escapes": "4.0.0",
        "jest-snapshot": "29.7.0",
        "js-levenshtein": "1.1.6",
        "kleur": "4.1.5",
        "klona": "2.0.6",
        "mariadb": "3.4.5",
        "memfs": "4.17.2",
        "mssql": "11.0.1",
        "new-github-issue-url": "0.2.1",
        "p-retry": "4.6.2",
        "pg": "8.14.1",
        "resolve": "1.22.10",
        "simple-statistics": "7.8.8",
        "sort-keys": "5.1.0",
        "source-map-support": "0.5.21",
        "sql-template-tag": "5.2.1",
        "stacktrace-parser": "0.1.11",
        "strip-ansi": "7.1.0",
        "strip-indent": "4.0.0",
        "tempy": "3.0.0",
        "ts-pattern": "5.6.2",
        "tsd": "0.31.2",
        "typescript": "5.4.5",
        "undici": "7.4.0",
        "zx": "8.4.1"
      },
      "engines": {
        "node": ">=18.18"
      },
      "peerDependencies": {
        "prisma": "*",
        "typescript": ">=5.1.0"
      },
      "peerDependenciesMeta": {
        "prisma": {
          "optional": true
        },
        "typescript": {
          "optional": true
        }
      }
    },
    "../../node_modules/.pnpm/@trpc+server@11.15.0_typescript@5.9.3/node_modules/@trpc/server": {
      "version": "11.15.0",
      "funding": [
        "https://trpc.io/sponsor"
      ],
      "license": "MIT",
      "bin": {
        "intent": "bin/intent.js"
      },
      "devDependencies": {
        "@fastify/websocket": "^11.0.0",
        "@oxc-project/runtime": "0.115.0",
        "@tanstack/intent": "^0.0.23",
        "@tanstack/react-query": "^5.80.3",
        "@types/aws-lambda": "^8.10.149",
        "@types/express": "^5.0.0",
        "@types/hash-sum": "^1.0.0",
        "@types/node": "^22.13.5",
        "@types/react": "^19.1.0",
        "@types/react-dom": "^19.1.1",
        "@types/ws": "^8.2.0",
        "devalue": "^5.0.0",
        "eslint": "^9.26.0",
        "express": "^5.0.0",
        "fastify": "^5.0.0",
        "fastify-plugin": "^5.0.0",
        "hash-sum": "^2.0.0",
        "myzod": "^1.3.1",
        "next": "^15.3.8",
        "react": "^19.1.0",
        "react-dom": "^19.1.0",
        "superjson": "^1.12.4",
        "superstruct": "^2.0.0",
        "tsdown": "0.12.7",
        "typescript": "^5.9.2",
        "valibot": "1.3.1",
        "ws": "^8.0.0",
        "yup": "^1.0.0",
        "zod": "^4.2.1"
      },
      "peerDependencies": {
        "typescript": ">=5.7.2"
      }
    },
    "../../node_modules/.pnpm/@types+node@22.19.15/node_modules/@types/node": {
      "version": "22.19.15",
      "dev": true,
      "license": "MIT",
      "dependencies": {
        "undici-types": "~6.21.0"
      }
    },
    "../../node_modules/.pnpm/fastify@5.8.4/node_modules/fastify": {
      "version": "5.8.4",
      "funding": [
        {
          "type": "github",
          "url": "https://github.com/sponsors/fastify"
        },
        {
          "type": "opencollective",
          "url": "https://opencollective.com/fastify"
        }
      ],
      "license": "MIT",
      "dependencies": {
        "@fastify/ajv-compiler": "^4.0.5",
        "@fastify/error": "^4.0.0",
        "@fastify/fast-json-stringify-compiler": "^5.0.0",
        "@fastify/proxy-addr": "^5.0.0",
        "abstract-logging": "^2.0.1",
        "avvio": "^9.0.0",
        "fast-json-stringify": "^6.0.0",
        "find-my-way": "^9.0.0",
        "light-my-request": "^6.0.0",
        "pino": "^9.14.0 || ^10.1.0",
        "process-warning": "^5.0.0",
        "rfdc": "^1.3.1",
        "secure-json-parse": "^4.0.0",
        "semver": "^7.6.0",
        "toad-cache": "^3.7.0"
      },
      "devDependencies": {
        "@jsumners/line-reporter": "^1.0.1",
        "@sinonjs/fake-timers": "^11.2.2",
        "@stylistic/eslint-plugin": "^5.1.0",
        "@stylistic/eslint-plugin-js": "^4.1.0",
        "@types/node": "^25.0.3",
        "ajv": "^8.12.0",
        "ajv-errors": "^3.0.0",
        "ajv-formats": "^3.0.1",
        "ajv-i18n": "^4.2.0",
        "ajv-merge-patch": "^5.0.1",
        "autocannon": "^8.0.0",
        "borp": "^0.21.0",
        "branch-comparer": "^1.1.0",
        "concurrently": "^9.1.2",
        "cross-env": "^10.0.0",
        "eslint": "^9.0.0",
        "fast-json-body": "^1.1.0",
        "fastify-plugin": "^5.0.0",
        "fluent-json-schema": "^6.0.0",
        "h2url": "^0.2.0",
        "http-errors": "^2.0.0",
        "joi": "^18.0.1",
        "json-schema-to-ts": "^3.0.1",
        "JSONStream": "^1.3.5",
        "markdownlint-cli2": "^0.21.0",
        "neostandard": "^0.12.0",
        "node-forge": "^1.3.1",
        "proxyquire": "^2.1.3",
        "split2": "^4.2.0",
        "tsd": "^0.33.0",
        "typebox": "^1.0.81",
        "typescript": "~5.9.2",
        "undici": "^7.11.0",
        "vary": "^1.1.2",
        "yup": "^1.4.0"
      }
    },
    "../../node_modules/.pnpm/ioredis@5.10.1/node_modules/ioredis": {
      "version": "5.10.1",
      "license": "MIT",
      "dependencies": {
        "@ioredis/commands": "1.5.1",
        "cluster-key-slot": "^1.1.0",
        "debug": "^4.3.4",
        "denque": "^2.1.0",
        "lodash.defaults": "^4.2.0",
        "lodash.isarguments": "^3.1.0",
        "redis-errors": "^1.2.0",
        "redis-parser": "^3.0.0",
        "standard-as-callback": "^2.1.0"
      },
      "devDependencies": {
        "@ioredis/interface-generator": "^1.3.0",
        "@semantic-release/changelog": "^6.0.1",
        "@semantic-release/commit-analyzer": "^9.0.2",
        "@semantic-release/git": "^10.0.1",
        "@types/chai": "^4.3.0",
        "@types/chai-as-promised": "^7.1.5",
        "@types/debug": "^4.1.5",
        "@types/lodash.defaults": "^4.2.7",
        "@types/lodash.isarguments": "^3.1.7",
        "@types/mocha": "^9.1.0",
        "@types/node": "^14.18.12",
        "@types/redis-errors": "^1.2.1",
        "@types/sinon": "^10.0.11",
        "@typescript-eslint/eslint-plugin": "^5.48.1",
        "@typescript-eslint/parser": "^5.48.1",
        "chai": "^4.3.6",
        "chai-as-promised": "^7.1.1",
        "eslint": "^8.31.0",
        "eslint-config-prettier": "^8.6.0",
        "mocha": "^9.2.1",
        "nyc": "^15.1.0",
        "prettier": "^2.6.1",
        "semantic-release": "^19.0.2",
        "server-destroy": "^1.0.1",
        "sinon": "^13.0.1",
        "ts-node": "^10.4.0",
        "tsd": "^0.19.1",
        "typedoc": "^0.22.18",
        "typescript": "^4.6.3",
        "uuid": "^9.0.0"
      },
      "engines": {
        "node": ">=12.22.0"
      },
      "funding": {
        "type": "opencollective",
        "url": "https://opencollective.com/ioredis"
      }
    },
    "../../node_modules/.pnpm/jose@6.2.2/node_modules/jose": {
      "version": "6.2.2",
      "license": "MIT",
      "funding": {
        "url": "https://github.com/sponsors/panva"
      }
    },
    "../../node_modules/.pnpm/livekit-server-sdk@2.15.0/node_modules/livekit-server-sdk": {
      "version": "2.15.0",
      "license": "Apache-2.0",
      "dependencies": {
        "@bufbuild/protobuf": "^1.10.1",
        "@livekit/protocol": "^1.43.1",
        "camelcase-keys": "^9.0.0",
        "jose": "^5.1.2"
      },
      "devDependencies": {
        "@changesets/cli": "^2.27.1",
        "@edge-runtime/vm": "^5.0.0",
        "@livekit/changesets-changelog-github": "^0.0.4",
        "@types/node": "^20.10.1",
        "happy-dom": "^20.0.0",
        "prettier": "^3.0.0",
        "tsup": "^8.3.5",
        "typedoc": "^0.28.0",
        "typescript": "5.8.2",
        "vite": "^5.2.9",
        "vitest": "^3.0.0"
      },
      "engines": {
        "node": ">=18"
      }
    },
    "../../node_modules/.pnpm/meilisearch@0.48.2/node_modules/meilisearch": {
      "version": "0.48.2",
      "license": "MIT",
      "devDependencies": {
        "@eslint/js": "^9.16.0",
        "@types/eslint__js": "^8.42.3",
        "@types/node": "^22.10.1",
        "@typescript-eslint/utils": "^8.19.0",
        "@vitest/coverage-v8": "2.0.5",
        "@vitest/eslint-plugin": "^1.1.23",
        "eslint": "^9.16.0",
        "eslint-config-prettier": "^9.1.0",
        "eslint-plugin-tsdoc": "^0.4.0",
        "globals": "^15.14.0",
        "lint-staged": "15.3.0",
        "prettier": "^3.4.2",
        "prettier-plugin-jsdoc": "^1.3.0",
        "typedoc": "^0.27.6",
        "typescript": "^5.7.2",
        "typescript-eslint": "^8.19.0",
        "vite": "^6.0.7",
        "vitest": "2.0.5"
      }
    },
    "../../node_modules/.pnpm/nats@2.29.3/node_modules/nats": {
      "version": "2.29.3",
      "license": "Apache-2.0",
      "dependencies": {
        "nkeys.js": "1.1.0"
      },
      "devDependencies": {
        "@types/node": "^22.10.5",
        "ava": "^5.3.1",
        "minimist": "^1.2.8",
        "nats-jwt": "^0.0.9",
        "nyc": "^17.1.0",
        "shx": "^0.3.3",
        "typescript": "5.7.3"
      },
      "engines": {
        "node": ">= 14.0.0"
      }
    },
    "../../node_modules/.pnpm/openai@4.104.0_ws@8.20.0_zod@3.25.76/node_modules/openai": {
      "version": "4.104.0",
      "license": "Apache-2.0",
      "dependencies": {
        "@types/node": "^18.11.18",
        "@types/node-fetch": "^2.6.4",
        "abort-controller": "^3.0.0",
        "agentkeepalive": "^4.2.1",
        "form-data-encoder": "1.7.2",
        "formdata-node": "^4.3.2",
        "node-fetch": "^2.6.7"
      },
      "bin": {
        "openai": "bin/cli"
      },
      "peerDependencies": {
        "ws": "^8.18.0",
        "zod": "^3.23.8"
      },
      "peerDependenciesMeta": {
        "ws": {
          "optional": true
        },
        "zod": {
          "optional": true
        }
      }
    },
    "../../node_modules/.pnpm/pino-pretty@11.3.0/node_modules/pino-pretty": {
      "version": "11.3.0",
      "dev": true,
      "license": "MIT",
      "dependencies": {
        "colorette": "^2.0.7",
        "dateformat": "^4.6.3",
        "fast-copy": "^3.0.2",
        "fast-safe-stringify": "^2.1.1",
        "help-me": "^5.0.0",
        "joycon": "^3.1.1",
        "minimist": "^1.2.6",
        "on-exit-leak-free": "^2.1.0",
        "pino-abstract-transport": "^2.0.0",
        "pump": "^3.0.0",
        "readable-stream": "^4.0.0",
        "secure-json-parse": "^2.4.0",
        "sonic-boom": "^4.0.1",
        "strip-json-comments": "^3.1.1"
      },
      "bin": {
        "pino-pretty": "bin.js"
      },
      "devDependencies": {
        "@arethetypeswrong/cli": "^0.16.1",
        "@types/node": "^22.0.0",
        "fastbench": "^1.0.1",
        "pino": "^9.0.0",
        "pre-commit": "^1.2.2",
        "rimraf": "^3.0.2",
        "semver": "^7.6.0",
        "snazzy": "^9.0.0",
        "standard": "^17.0.0",
        "tap": "^16.0.0",
        "tsd": "^0.31.0",
        "typescript": "^5.0.2"
      }
    },
    "../../node_modules/.pnpm/sharp@0.33.5/node_modules/sharp": {
      "version": "0.33.5",
      "hasInstallScript": true,
      "license": "Apache-2.0",
      "dependencies": {
        "color": "^4.2.3",
        "detect-libc": "^2.0.3",
        "semver": "^7.6.3"
      },
      "devDependencies": {
        "@emnapi/runtime": "^1.2.0",
        "@img/sharp-libvips-dev": "1.0.4",
        "@img/sharp-libvips-dev-wasm32": "1.0.5",
        "@img/sharp-libvips-win32-ia32": "1.0.4",
        "@img/sharp-libvips-win32-x64": "1.0.4",
        "@types/node": "*",
        "async": "^3.2.5",
        "cc": "^3.0.1",
        "emnapi": "^1.2.0",
        "exif-reader": "^2.0.1",
        "extract-zip": "^2.0.1",
        "icc": "^3.0.0",
        "jsdoc-to-markdown": "^8.0.3",
        "license-checker": "^25.0.1",
        "mocha": "^10.7.3",
        "node-addon-api": "^8.1.0",
        "nyc": "^17.0.0",
        "prebuild": "^13.0.1",
        "semistandard": "^17.0.0",
        "tar-fs": "^3.0.6",
        "tsd": "^0.31.1"
      },
      "engines": {
        "node": "^18.17.0 || ^20.3.0 || >=21.0.0"
      },
      "funding": {
        "url": "https://opencollective.com/libvips"
      },
      "optionalDependencies": {
        "@img/sharp-darwin-arm64": "0.33.5",
        "@img/sharp-darwin-x64": "0.33.5",
        "@img/sharp-libvips-darwin-arm64": "1.0.4",
        "@img/sharp-libvips-darwin-x64": "1.0.4",
        "@img/sharp-libvips-linux-arm": "1.0.5",
        "@img/sharp-libvips-linux-arm64": "1.0.4",
        "@img/sharp-libvips-linux-s390x": "1.0.4",
        "@img/sharp-libvips-linux-x64": "1.0.4",
        "@img/sharp-libvips-linuxmusl-arm64": "1.0.4",
        "@img/sharp-libvips-linuxmusl-x64": "1.0.4",
        "@img/sharp-linux-arm": "0.33.5",
        "@img/sharp-linux-arm64": "0.33.5",
        "@img/sharp-linux-s390x": "0.33.5",
        "@img/sharp-linux-x64": "0.33.5",
        "@img/sharp-linuxmusl-arm64": "0.33.5",
        "@img/sharp-linuxmusl-x64": "0.33.5",
        "@img/sharp-wasm32": "0.33.5",
        "@img/sharp-win32-ia32": "0.33.5",
        "@img/sharp-win32-x64": "0.33.5"
      }
    },
    "../../node_modules/.pnpm/superjson@2.2.6/node_modules/superjson": {
      "version": "2.2.6",
      "license": "MIT",
      "dependencies": {
        "copy-anything": "^4"
      },
      "devDependencies": {
        "@types/debug": "^4.1.5",
        "@types/mongodb": "^3.6.12",
        "@types/node": "^24.10.1",
        "benchmark": "^2.1.4",
        "decimal.js": "^10.3.1",
        "mongodb": "^3.6.6",
        "tsdx": "^0.14.1",
        "typescript": "^5.9.3",
        "vitest": "^0.34.6"
      },
      "engines": {
        "node": ">=16"
      }
    },
    "../../node_modules/.pnpm/tsx@4.21.0/node_modules/tsx": {
      "version": "4.21.0",
      "dev": true,
      "license": "MIT",
      "dependencies": {
        "esbuild": "~0.27.0",
        "get-tsconfig": "^4.7.5"
      },
      "bin": {
        "tsx": "dist/cli.mjs"
      },
      "engines": {
        "node": ">=18.0.0"
      },
      "optionalDependencies": {
        "fsevents": "~2.3.3"
      }
    },
    "../../node_modules/.pnpm/typescript@5.9.3/node_modules/typescript": {
      "version": "5.9.3",
      "dev": true,
      "license": "Apache-2.0",
      "bin": {
        "tsc": "bin/tsc",
        "tsserver": "bin/tsserver"
      },
      "devDependencies": {
        "@dprint/formatter": "^0.4.1",
        "@dprint/typescript": "0.93.4",
        "@esfx/canceltoken": "^1.0.0",
        "@eslint/js": "^9.20.0",
        "@octokit/rest": "^21.1.1",
        "@types/chai": "^4.3.20",
        "@types/diff": "^7.0.1",
        "@types/minimist": "^1.2.5",
        "@types/mocha": "^10.0.10",
        "@types/ms": "^0.7.34",
        "@types/node": "latest",
        "@types/source-map-support": "^0.5.10",
        "@types/which": "^3.0.4",
        "@typescript-eslint/rule-tester": "^8.24.1",
        "@typescript-eslint/type-utils": "^8.24.1",
        "@typescript-eslint/utils": "^8.24.1",
        "azure-devops-node-api": "^14.1.0",
        "c8": "^10.1.3",
        "chai": "^4.5.0",
        "chokidar": "^4.0.3",
        "diff": "^7.0.0",
        "dprint": "^0.49.0",
        "esbuild": "^0.25.0",
        "eslint": "^9.20.1",
        "eslint-formatter-autolinkable-stylish": "^1.4.0",
        "eslint-plugin-regexp": "^2.7.0",
        "fast-xml-parser": "^4.5.2",
        "glob": "^10.4.5",
        "globals": "^15.15.0",
        "hereby": "^1.10.0",
        "jsonc-parser": "^3.3.1",
        "knip": "^5.44.4",
        "minimist": "^1.2.8",
        "mocha": "^10.8.2",
        "mocha-fivemat-progress-reporter": "^0.1.0",
        "monocart-coverage-reports": "^2.12.1",
        "ms": "^2.1.3",
        "picocolors": "^1.1.1",
        "playwright": "^1.50.1",
        "source-map-support": "^0.5.21",
        "tslib": "^2.8.1",
        "typescript": "^5.7.3",
        "typescript-eslint": "^8.24.1",
        "which": "^3.0.1"
      },
      "engines": {
        "node": ">=14.17"
      }
    },
    "../../node_modules/.pnpm/vitest@4.1.1_@types+node@22.19.15_vite@8.0.2_@types+node@22.19.15_esbuild@0.27.4_jiti@2.6.1_terser@5.46.1_tsx@4.21.0_/node_modules/vitest": {
      "version": "4.1.1",
      "dev": true,
      "license": "MIT",
      "dependencies": {
        "@vitest/expect": "4.1.1",
        "@vitest/mocker": "4.1.1",
        "@vitest/pretty-format": "4.1.1",
        "@vitest/runner": "4.1.1",
        "@vitest/snapshot": "4.1.1",
        "@vitest/spy": "4.1.1",
        "@vitest/utils": "4.1.1",
        "es-module-lexer": "^2.0.0",
        "expect-type": "^1.3.0",
        "magic-string": "^0.30.21",
        "obug": "^2.1.1",
        "pathe": "^2.0.3",
        "picomatch": "^4.0.3",
        "std-env": "^4.0.0-rc.1",
        "tinybench": "^2.9.0",
        "tinyexec": "^1.0.2",
        "tinyglobby": "^0.2.15",
        "tinyrainbow": "^3.0.3",
        "vite": "^6.0.0 || ^7.0.0 || ^8.0.0",
        "why-is-node-running": "^2.3.0"
      },
      "bin": {
        "vitest": "vitest.mjs"
      },
      "devDependencies": {
        "@antfu/install-pkg": "^1.1.0",
        "@bomb.sh/tab": "^0.0.14",
        "@edge-runtime/vm": "^5.0.0",
        "@jridgewell/trace-mapping": "0.3.31",
        "@opentelemetry/api": "^1.9.0",
        "@sinonjs/fake-timers": "15.0.0",
        "@types/estree": "^1.0.8",
        "@types/istanbul-lib-coverage": "^2.0.6",
        "@types/istanbul-reports": "^3.0.4",
        "@types/jsdom": "^27.0.0",
        "@types/node": "^24.12.0",
        "@types/picomatch": "^4.0.2",
        "@types/prompts": "^2.4.9",
        "@types/sinonjs__fake-timers": "^15.0.1",
        "acorn": "8.11.3",
        "acorn-walk": "^8.3.5",
        "birpc": "^4.0.0",
        "cac": "^6.7.14",
        "empathic": "^2.0.0",
        "flatted": "3.4.0",
        "happy-dom": "^20.8.3",
        "jsdom": "^27.4.0",
        "local-pkg": "^1.1.2",
        "mime": "^4.1.0",
        "prompts": "^2.4.2",
        "strip-literal": "^3.1.0",
        "tinyhighlight": "^0.3.2",
        "ws": "^8.19.0"
      },
      "engines": {
        "node": "^20.0.0 || ^22.0.0 || >=24.0.0"
      },
      "funding": {
        "url": "https://opencollective.com/vitest"
      },
      "peerDependencies": {
        "@edge-runtime/vm": "*",
        "@opentelemetry/api": "^1.9.0",
        "@types/node": "^20.0.0 || ^22.0.0 || >=24.0.0",
        "@vitest/browser-playwright": "4.1.1",
        "@vitest/browser-preview": "4.1.1",
        "@vitest/browser-webdriverio": "4.1.1",
        "@vitest/ui": "4.1.1",
        "happy-dom": "*",
        "jsdom": "*",
        "vite": "^6.0.0 || ^7.0.0 || ^8.0.0"
      },
      "peerDependenciesMeta": {
        "@edge-runtime/vm": {
          "optional": true
        },
        "@opentelemetry/api": {
          "optional": true
        },
        "@types/node": {
          "optional": true
        },
        "@vitest/browser-playwright": {
          "optional": true
        },
        "@vitest/browser-preview": {
          "optional": true
        },
        "@vitest/browser-webdriverio": {
          "optional": true
        },
        "@vitest/ui": {
          "optional": true
        },
        "happy-dom": {
          "optional": true
        },
        "jsdom": {
          "optional": true
        },
        "vite": {
          "optional": false
        }
      }
    },
    "../../node_modules/.pnpm/zod@3.25.76/node_modules/zod": {
      "version": "3.25.76",
      "license": "MIT",
      "funding": {
        "url": "https://github.com/sponsors/colinhacks"
      }
    },
    "node_modules/@aws-sdk/client-s3": {
      "resolved": "../../node_modules/.pnpm/@aws-sdk+client-s3@3.1016.0/node_modules/@aws-sdk/client-s3",
      "link": true
    },
    "node_modules/@fastify/cors": {
      "resolved": "../../node_modules/.pnpm/@fastify+cors@10.1.0/node_modules/@fastify/cors",
      "link": true
    },
    "node_modules/@fastify/helmet": {
      "resolved": "../../node_modules/.pnpm/@fastify+helmet@13.0.2/node_modules/@fastify/helmet",
      "link": true
    },
    "node_modules/@fastify/multipart": {
      "resolved": "../../node_modules/.pnpm/@fastify+multipart@9.4.0/node_modules/@fastify/multipart",
      "link": true
    },
    "node_modules/@prisma/client": {
      "resolved": "../../node_modules/.pnpm/@prisma+client@6.19.2_prisma@6.19.2_typescript@5.9.3__typescript@5.9.3/node_modules/@prisma/client",
      "link": true
    },
    "node_modules/@prisma/config": {
      "version": "6.19.2",
      "resolved": "https://registry.npmjs.org/@prisma/config/-/config-6.19.2.tgz",
      "integrity": "sha512-kadBGDl+aUswv/zZMk9Mx0C8UZs1kjao8H9/JpI4Wh4SHZaM7zkTwiKn/iFLfRg+XtOAo/Z/c6pAYhijKl0nzQ==",
      "dev": true,
      "license": "Apache-2.0",
      "dependencies": {
        "c12": "3.1.0",
        "deepmerge-ts": "7.1.5",
        "effect": "3.18.4",
        "empathic": "2.0.0"
      }
    },
    "node_modules/@prisma/debug": {
      "version": "6.19.2",
      "resolved": "https://registry.npmjs.org/@prisma/debug/-/debug-6.19.2.tgz",
      "integrity": "sha512-lFnEZsLdFLmEVCVNdskLDCL8Uup41GDfU0LUfquw+ercJC8ODTuL0WNKgOKmYxCJVvFwf0OuZBzW99DuWmoH2A==",
      "dev": true,
      "license": "Apache-2.0"
    },
    "node_modules/@prisma/engines": {
      "version": "6.19.2",
      "resolved": "https://registry.npmjs.org/@prisma/engines/-/engines-6.19.2.tgz",
      "integrity": "sha512-TTkJ8r+uk/uqczX40wb+ODG0E0icVsMgwCTyTHXehaEfb0uo80M9g1aW1tEJrxmFHeOZFXdI2sTA1j1AgcHi4A==",
      "dev": true,
      "hasInstallScript": true,
      "license": "Apache-2.0",
      "dependencies": {
        "@prisma/debug": "6.19.2",
        "@prisma/engines-version": "7.1.1-3.c2990dca591cba766e3b7ef5d9e8a84796e47ab7",
        "@prisma/fetch-engine": "6.19.2",
        "@prisma/get-platform": "6.19.2"
      }
    },
    "node_modules/@prisma/engines-version": {
      "version": "7.1.1-3.c2990dca591cba766e3b7ef5d9e8a84796e47ab7",
      "resolved": "https://registry.npmjs.org/@prisma/engines-version/-/engines-version-7.1.1-3.c2990dca591cba766e3b7ef5d9e8a84796e47ab7.tgz",
      "integrity": "sha512-03bgb1VD5gvuumNf+7fVGBzfpJPjmqV423l/WxsWk2cNQ42JD0/SsFBPhN6z8iAvdHs07/7ei77SKu7aZfq8bA==",
      "dev": true,
      "license": "Apache-2.0"
    },
    "node_modules/@prisma/fetch-engine": {
      "version": "6.19.2",
      "resolved": "https://registry.npmjs.org/@prisma/fetch-engine/-/fetch-engine-6.19.2.tgz",
      "integrity": "sha512-h4Ff4Pho+SR1S8XerMCC12X//oY2bG3Iug/fUnudfcXEUnIeRiBdXHFdGlGOgQ3HqKgosTEhkZMvGM9tWtYC+Q==",
      "dev": true,
      "license": "Apache-2.0",
      "dependencies": {
        "@prisma/debug": "6.19.2",
        "@prisma/engines-version": "7.1.1-3.c2990dca591cba766e3b7ef5d9e8a84796e47ab7",
        "@prisma/get-platform": "6.19.2"
      }
    },
    "node_modules/@prisma/get-platform": {
      "version": "6.19.2",
      "resolved": "https://registry.npmjs.org/@prisma/get-platform/-/get-platform-6.19.2.tgz",
      "integrity": "sha512-PGLr06JUSTqIvztJtAzIxOwtWKtJm5WwOG6xpsgD37Rc84FpfUBGLKz65YpJBGtkRQGXTYEFie7pYALocC3MtA==",
      "dev": true,
      "license": "Apache-2.0",
      "dependencies": {
        "@prisma/debug": "6.19.2"
      }
    },
    "node_modules/@standard-schema/spec": {
      "version": "1.1.0",
      "resolved": "https://registry.npmjs.org/@standard-schema/spec/-/spec-1.1.0.tgz",
      "integrity": "sha512-l2aFy5jALhniG5HgqrD6jXLi/rUWrKvqN/qJx6yoJsgKhblVd+iqqU4RCXavm/jPityDo5TCvKMnpjKnOriy0w==",
      "dev": true,
      "license": "MIT"
    },
    "node_modules/@trpc/server": {
      "resolved": "../../node_modules/.pnpm/@trpc+server@11.15.0_typescript@5.9.3/node_modules/@trpc/server",
      "link": true
    },
    "node_modules/@types/node": {
      "resolved": "../../node_modules/.pnpm/@types+node@22.19.15/node_modules/@types/node",
      "link": true
    },
    "node_modules/c12": {
      "version": "3.1.0",
      "resolved": "https://registry.npmjs.org/c12/-/c12-3.1.0.tgz",
      "integrity": "sha512-uWoS8OU1MEIsOv8p/5a82c3H31LsWVR5qiyXVfBNOzfffjUWtPnhAb4BYI2uG2HfGmZmFjCtui5XNWaps+iFuw==",
      "dev": true,
      "license": "MIT",
      "dependencies": {
        "chokidar": "^4.0.3",
        "confbox": "^0.2.2",
        "defu": "^6.1.4",
        "dotenv": "^16.6.1",
        "exsolve": "^1.0.7",
        "giget": "^2.0.0",
        "jiti": "^2.4.2",
        "ohash": "^2.0.11",
        "pathe": "^2.0.3",
        "perfect-debounce": "^1.0.0",
        "pkg-types": "^2.2.0",
        "rc9": "^2.1.2"
      },
      "peerDependencies": {
        "magicast": "^0.3.5"
      },
      "peerDependenciesMeta": {
        "magicast": {
          "optional": true
        }
      }
    },
    "node_modules/chokidar": {
      "version": "4.0.3",
      "resolved": "https://registry.npmjs.org/chokidar/-/chokidar-4.0.3.tgz",
      "integrity": "sha512-Qgzu8kfBvo+cA4962jnP1KkS6Dop5NS6g7R5LFYJr4b8Ub94PPQXUksCw9PvXoeXPRRddRNC5C1JQUR2SMGtnA==",
      "dev": true,
      "license": "MIT",
      "dependencies": {
        "readdirp": "^4.0.1"
      },
      "engines": {
        "node": ">= 14.16.0"
      },
      "funding": {
        "url": "https://paulmillr.com/funding/"
      }
    },
    "node_modules/citty": {
      "version": "0.1.6",
      "resolved": "https://registry.npmjs.org/citty/-/citty-0.1.6.tgz",
      "integrity": "sha512-tskPPKEs8D2KPafUypv2gxwJP8h/OaJmC82QQGGDQcHvXX43xF2VDACcJVmZ0EuSxkpO9Kc4MlrA3q0+FG58AQ==",
      "dev": true,
      "license": "MIT",
      "dependencies": {
        "consola": "^3.2.3"
      }
    },
    "node_modules/confbox": {
      "version": "0.2.4",
      "resolved": "https://registry.npmjs.org/confbox/-/confbox-0.2.4.tgz",
      "integrity": "sha512-ysOGlgTFbN2/Y6Cg3Iye8YKulHw+R2fNXHrgSmXISQdMnomY6eNDprVdW9R5xBguEqI954+S6709UyiO7B+6OQ==",
      "dev": true,
      "license": "MIT"
    },
    "node_modules/consola": {
      "version": "3.4.2",
      "resolved": "https://registry.npmjs.org/consola/-/consola-3.4.2.tgz",
      "integrity": "sha512-5IKcdX0nnYavi6G7TtOhwkYzyjfJlatbjMjuLSfE2kYT5pMDOilZ4OvMhi637CcDICTmz3wARPoyhqyX1Y+XvA==",
      "dev": true,
      "license": "MIT",
      "engines": {
        "node": "^14.18.0 || >=16.10.0"
      }
    },
    "node_modules/deepmerge-ts": {
      "version": "7.1.5",
      "resolved": "https://registry.npmjs.org/deepmerge-ts/-/deepmerge-ts-7.1.5.tgz",
      "integrity": "sha512-HOJkrhaYsweh+W+e74Yn7YStZOilkoPb6fycpwNLKzSPtruFs48nYis0zy5yJz1+ktUhHxoRDJ27RQAWLIJVJw==",
      "dev": true,
      "license": "BSD-3-Clause",
      "engines": {
        "node": ">=16.0.0"
      }
    },
    "node_modules/defu": {
      "version": "6.1.4",
      "resolved": "https://registry.npmjs.org/defu/-/defu-6.1.4.tgz",
      "integrity": "sha512-mEQCMmwJu317oSz8CwdIOdwf3xMif1ttiM8LTufzc3g6kR+9Pe236twL8j3IYT1F7GfRgGcW6MWxzZjLIkuHIg==",
      "dev": true,
      "license": "MIT"
    },
    "node_modules/destr": {
      "version": "2.0.5",
      "resolved": "https://registry.npmjs.org/destr/-/destr-2.0.5.tgz",
      "integrity": "sha512-ugFTXCtDZunbzasqBxrK93Ik/DRYsO6S/fedkWEMKqt04xZ4csmnmwGDBAb07QWNaGMAmnTIemsYZCksjATwsA==",
      "dev": true,
      "license": "MIT"
    },
    "node_modules/dotenv": {
      "version": "16.6.1",
      "resolved": "https://registry.npmjs.org/dotenv/-/dotenv-16.6.1.tgz",
      "integrity": "sha512-uBq4egWHTcTt33a72vpSG0z3HnPuIl6NqYcTrKEg2azoEyl2hpW0zqlxysq2pK9HlDIHyHyakeYaYnSAwd8bow==",
      "dev": true,
      "license": "BSD-2-Clause",
      "engines": {
        "node": ">=12"
      },
      "funding": {
        "url": "https://dotenvx.com"
      }
    },
    "node_modules/effect": {
      "version": "3.18.4",
      "resolved": "https://registry.npmjs.org/effect/-/effect-3.18.4.tgz",
      "integrity": "sha512-b1LXQJLe9D11wfnOKAk3PKxuqYshQ0Heez+y5pnkd3jLj1yx9QhM72zZ9uUrOQyNvrs2GZZd/3maL0ZV18YuDA==",
      "dev": true,
      "license": "MIT",
      "dependencies": {
        "@standard-schema/spec": "^1.0.0",
        "fast-check": "^3.23.1"
      }
    },
    "node_modules/empathic": {
      "version": "2.0.0",
      "resolved": "https://registry.npmjs.org/empathic/-/empathic-2.0.0.tgz",
      "integrity": "sha512-i6UzDscO/XfAcNYD75CfICkmfLedpyPDdozrLMmQc5ORaQcdMoc21OnlEylMIqI7U8eniKrPMxxtj8k0vhmJhA==",
      "dev": true,
      "license": "MIT",
      "engines": {
        "node": ">=14"
      }
    },
    "node_modules/exsolve": {
      "version": "1.0.8",
      "resolved": "https://registry.npmjs.org/exsolve/-/exsolve-1.0.8.tgz",
      "integrity": "sha512-LmDxfWXwcTArk8fUEnOfSZpHOJ6zOMUJKOtFLFqJLoKJetuQG874Uc7/Kki7zFLzYybmZhp1M7+98pfMqeX8yA==",
      "dev": true,
      "license": "MIT"
    },
    "node_modules/fast-check": {
      "version": "3.23.2",
      "resolved": "https://registry.npmjs.org/fast-check/-/fast-check-3.23.2.tgz",
      "integrity": "sha512-h5+1OzzfCC3Ef7VbtKdcv7zsstUQwUDlYpUTvjeUsJAssPgLn7QzbboPtL5ro04Mq0rPOsMzl7q5hIbRs2wD1A==",
      "dev": true,
      "funding": [
        {
          "type": "individual",
          "url": "https://github.com/sponsors/dubzzz"
        },
        {
          "type": "opencollective",
          "url": "https://opencollective.com/fast-check"
        }
      ],
      "license": "MIT",
      "dependencies": {
        "pure-rand": "^6.1.0"
      },
      "engines": {
        "node": ">=8.0.0"
      }
    },
    "node_modules/fastify": {
      "resolved": "../../node_modules/.pnpm/fastify@5.8.4/node_modules/fastify",
      "link": true
    },
    "node_modules/giget": {
      "version": "2.0.0",
      "resolved": "https://registry.npmjs.org/giget/-/giget-2.0.0.tgz",
      "integrity": "sha512-L5bGsVkxJbJgdnwyuheIunkGatUF/zssUoxxjACCseZYAVbaqdh9Tsmmlkl8vYan09H7sbvKt4pS8GqKLBrEzA==",
      "dev": true,
      "license": "MIT",
      "dependencies": {
        "citty": "^0.1.6",
        "consola": "^3.4.0",
        "defu": "^6.1.4",
        "node-fetch-native": "^1.6.6",
        "nypm": "^0.6.0",
        "pathe": "^2.0.3"
      },
      "bin": {
        "giget": "dist/cli.mjs"
      }
    },
    "node_modules/ioredis": {
      "resolved": "../../node_modules/.pnpm/ioredis@5.10.1/node_modules/ioredis",
      "link": true
    },
    "node_modules/jiti": {
      "version": "2.6.1",
      "resolved": "https://registry.npmjs.org/jiti/-/jiti-2.6.1.tgz",
      "integrity": "sha512-ekilCSN1jwRvIbgeg/57YFh8qQDNbwDb9xT/qu2DAHbFFZUicIl4ygVaAvzveMhMVr3LnpSKTNnwt8PoOfmKhQ==",
      "dev": true,
      "license": "MIT",
      "bin": {
        "jiti": "lib/jiti-cli.mjs"
      }
    },
    "node_modules/jose": {
      "resolved": "../../node_modules/.pnpm/jose@6.2.2/node_modules/jose",
      "link": true
    },
    "node_modules/livekit-server-sdk": {
      "resolved": "../../node_modules/.pnpm/livekit-server-sdk@2.15.0/node_modules/livekit-server-sdk",
      "link": true
    },
    "node_modules/meilisearch": {
      "resolved": "../../node_modules/.pnpm/meilisearch@0.48.2/node_modules/meilisearch",
      "link": true
    },
    "node_modules/nats": {
      "resolved": "../../node_modules/.pnpm/nats@2.29.3/node_modules/nats",
      "link": true
    },
    "node_modules/node-fetch-native": {
      "version": "1.6.7",
      "resolved": "https://registry.npmjs.org/node-fetch-native/-/node-fetch-native-1.6.7.tgz",
      "integrity": "sha512-g9yhqoedzIUm0nTnTqAQvueMPVOuIY16bqgAJJC8XOOubYFNwz6IER9qs0Gq2Xd0+CecCKFjtdDTMA4u4xG06Q==",
      "dev": true,
      "license": "MIT"
    },
    "node_modules/nypm": {
      "version": "0.6.5",
      "resolved": "https://registry.npmjs.org/nypm/-/nypm-0.6.5.tgz",
      "integrity": "sha512-K6AJy1GMVyfyMXRVB88700BJqNUkByijGJM8kEHpLdcAt+vSQAVfkWWHYzuRXHSY6xA2sNc5RjTj0p9rE2izVQ==",
      "dev": true,
      "license": "MIT",
      "dependencies": {
        "citty": "^0.2.0",
        "pathe": "^2.0.3",
        "tinyexec": "^1.0.2"
      },
      "bin": {
        "nypm": "dist/cli.mjs"
      },
      "engines": {
        "node": ">=18"
      }
    },
    "node_modules/nypm/node_modules/citty": {
      "version": "0.2.1",
      "resolved": "https://registry.npmjs.org/citty/-/citty-0.2.1.tgz",
      "integrity": "sha512-kEV95lFBhQgtogAPlQfJJ0WGVSokvLr/UEoFPiKKOXF7pl98HfUVUD0ejsuTCld/9xH9vogSywZ5KqHzXrZpqg==",
      "dev": true,
      "license": "MIT"
    },
    "node_modules/ohash": {
      "version": "2.0.11",
      "resolved": "https://registry.npmjs.org/ohash/-/ohash-2.0.11.tgz",
      "integrity": "sha512-RdR9FQrFwNBNXAr4GixM8YaRZRJ5PUWbKYbE5eOsrwAjJW0q2REGcf79oYPsLyskQCZG1PLN+S/K1V00joZAoQ==",
      "dev": true,
      "license": "MIT"
    },
    "node_modules/openai": {
      "resolved": "../../node_modules/.pnpm/openai@4.104.0_ws@8.20.0_zod@3.25.76/node_modules/openai",
      "link": true
    },
    "node_modules/pathe": {
      "version": "2.0.3",
      "resolved": "https://registry.npmjs.org/pathe/-/pathe-2.0.3.tgz",
      "integrity": "sha512-WUjGcAqP1gQacoQe+OBJsFA7Ld4DyXuUIjZ5cc75cLHvJ7dtNsTugphxIADwspS+AraAUePCKrSVtPLFj/F88w==",
      "dev": true,
      "license": "MIT"
    },
    "node_modules/perfect-debounce": {
      "version": "1.0.0",
      "resolved": "https://registry.npmjs.org/perfect-debounce/-/perfect-debounce-1.0.0.tgz",
      "integrity": "sha512-xCy9V055GLEqoFaHoC1SoLIaLmWctgCUaBaWxDZ7/Zx4CTyX7cJQLJOok/orfjZAh9kEYpjJa4d0KcJmCbctZA==",
      "dev": true,
      "license": "MIT"
    },
    "node_modules/pino-pretty": {
      "resolved": "../../node_modules/.pnpm/pino-pretty@11.3.0/node_modules/pino-pretty",
      "link": true
    },
    "node_modules/pkg-types": {
      "version": "2.3.0",
      "resolved": "https://registry.npmjs.org/pkg-types/-/pkg-types-2.3.0.tgz",
      "integrity": "sha512-SIqCzDRg0s9npO5XQ3tNZioRY1uK06lA41ynBC1YmFTmnY6FjUjVt6s4LoADmwoig1qqD0oK8h1p/8mlMx8Oig==",
      "dev": true,
      "license": "MIT",
      "dependencies": {
        "confbox": "^0.2.2",
        "exsolve": "^1.0.7",
        "pathe": "^2.0.3"
      }
    },
    "node_modules/prisma": {
      "version": "6.19.2",
      "resolved": "https://registry.npmjs.org/prisma/-/prisma-6.19.2.tgz",
      "integrity": "sha512-XTKeKxtQElcq3U9/jHyxSPgiRgeYDKxWTPOf6NkXA0dNj5j40MfEsZkMbyNpwDWCUv7YBFUl7I2VK/6ALbmhEg==",
      "dev": true,
      "hasInstallScript": true,
      "license": "Apache-2.0",
      "dependencies": {
        "@prisma/config": "6.19.2",
        "@prisma/engines": "6.19.2"
      },
      "bin": {
        "prisma": "build/index.js"
      },
      "engines": {
        "node": ">=18.18"
      },
      "peerDependencies": {
        "typescript": ">=5.1.0"
      },
      "peerDependenciesMeta": {
        "typescript": {
          "optional": true
        }
      }
    },
    "node_modules/pure-rand": {
      "version": "6.1.0",
      "resolved": "https://registry.npmjs.org/pure-rand/-/pure-rand-6.1.0.tgz",
      "integrity": "sha512-bVWawvoZoBYpp6yIoQtQXHZjmz35RSVHnUOTefl8Vcjr8snTPY1wnpSPMWekcFwbxI6gtmT7rSYPFvz71ldiOA==",
      "dev": true,
      "funding": [
        {
          "type": "individual",
          "url": "https://github.com/sponsors/dubzzz"
        },
        {
          "type": "opencollective",
          "url": "https://opencollective.com/fast-check"
        }
      ],
      "license": "MIT"
    },
    "node_modules/rc9": {
      "version": "2.1.2",
      "resolved": "https://registry.npmjs.org/rc9/-/rc9-2.1.2.tgz",
      "integrity": "sha512-btXCnMmRIBINM2LDZoEmOogIZU7Qe7zn4BpomSKZ/ykbLObuBdvG+mFq11DL6fjH1DRwHhrlgtYWG96bJiC7Cg==",
      "dev": true,
      "license": "MIT",
      "dependencies": {
        "defu": "^6.1.4",
        "destr": "^2.0.3"
      }
    },
    "node_modules/readdirp": {
      "version": "4.1.2",
      "resolved": "https://registry.npmjs.org/readdirp/-/readdirp-4.1.2.tgz",
      "integrity": "sha512-GDhwkLfywWL2s6vEjyhri+eXmfH6j1L7JE27WhqLeYzoh/A3DBaYGEj2H/HFZCn/kMfim73FXxEJTw06WtxQwg==",
      "dev": true,
      "license": "MIT",
      "engines": {
        "node": ">= 14.18.0"
      },
      "funding": {
        "type": "individual",
        "url": "https://paulmillr.com/funding/"
      }
    },
    "node_modules/sharp": {
      "resolved": "../../node_modules/.pnpm/sharp@0.33.5/node_modules/sharp",
      "link": true
    },
    "node_modules/superjson": {
      "resolved": "../../node_modules/.pnpm/superjson@2.2.6/node_modules/superjson",
      "link": true
    },
    "node_modules/tinyexec": {
      "version": "1.0.4",
      "resolved": "https://registry.npmjs.org/tinyexec/-/tinyexec-1.0.4.tgz",
      "integrity": "sha512-u9r3uZC0bdpGOXtlxUIdwf9pkmvhqJdrVCH9fapQtgy/OeTTMZ1nqH7agtvEfmGui6e1XxjcdrlxvxJvc3sMqw==",
      "dev": true,
      "license": "MIT",
      "engines": {
        "node": ">=18"
      }
    },
    "node_modules/tsx": {
      "resolved": "../../node_modules/.pnpm/tsx@4.21.0/node_modules/tsx",
      "link": true
    },
    "node_modules/typescript": {
      "resolved": "../../node_modules/.pnpm/typescript@5.9.3/node_modules/typescript",
      "link": true
    },
    "node_modules/vitest": {
      "resolved": "../../node_modules/.pnpm/vitest@4.1.1_@types+node@22.19.15_vite@8.0.2_@types+node@22.19.15_esbuild@0.27.4_jiti@2.6.1_terser@5.46.1_tsx@4.21.0_/node_modules/vitest",
      "link": true
    },
    "node_modules/zod": {
      "resolved": "../../node_modules/.pnpm/zod@3.25.76/node_modules/zod",
      "link": true
    }
  }
}
